
Microsoft Visual Studio Solution File, Format Version 12.00
# Visual Studio Version 16
VisualStudioVersion = 16.0.30611.23
MinimumVisualStudioVersion = 10.0.40219.1
Project("{9A19103F-16F7-4668-BE54-9A1E7A4F7556}") = "Scheduler", "Scheduler\Scheduler.csproj", "{A6756389-B4DD-4C9E-94DF-BA631BB49DDF}"
EndProject
Project("{FAE04EC0-301F-11D3-BF4B-00C04F79EFBC}") = "SchedulerEmailSender", "SchedulerEmailSender\SchedulerEmailSender.csproj", "{EEF85CC6-4CEC-4F9F-859C-2B4E6B0DAD6D}"
EndProject
Project("{FAE04EC0-301F-11D3-BF4B-00C04F79EFBC}") = "SchedulerLogger", "SchedulerLogger\SchedulerLogger.csproj", "{65CC62CA-F5FE-4C5A-9096-A995F4953006}"
EndProject
Project("{FAE04EC0-301F-11D3-BF4B-00C04F79EFBC}") = "SchedulerHangfire", "SchedulerHangfire\SchedulerHangfire.csproj", "{D3E3669D-2C96-41BE-B7FC-CB1CBF42A7B8}"
EndProject
Global
	GlobalSection(SolutionConfigurationPlatforms) = preSolution
		Debug|Any CPU = Debug|Any CPU
		Release|Any CPU = Release|Any CPU
	EndGlobalSection
	GlobalSection(ProjectConfigurationPlatforms) = postSolution
		{A6756389-B4DD-4C9E-94DF-BA631BB49DDF}.Debug|Any CPU.ActiveCfg = Debug|Any CPU
		{A6756389-B4DD-4C9E-94DF-BA631BB49DDF}.Debug|Any CPU.Build.0 = Debug|Any CPU
		{A6756389-B4DD-4C9E-94DF-BA631BB49DDF}.Release|Any CPU.ActiveCfg = Release|Any CPU
		{A6756389-B4DD-4C9E-94DF-BA631BB49DDF}.Release|Any CPU.Build.0 = Release|Any CPU
		{EEF85CC6-4CEC-4F9F-859C-2B4E6B0DAD6D}.Debug|Any CPU.ActiveCfg = Debug|Any CPU
		{EEF85CC6-4CEC-4F9F-859C-2B4E6B0DAD6D}.Debug|Any CPU.Build.0 = Debug|Any CPU
		{EEF85CC6-4CEC-4F9F-859C-2B4E6B0DAD6D}.Release|Any CPU.ActiveCfg = Release|Any CPU
		{EEF85CC6-4CEC-4F9F-859C-2B4E6B0DAD6D}.Release|Any CPU.Build.0 = Release|Any CPU
		{65CC62CA-F5FE-4C5A-9096-A995F4953006}.Debug|Any CPU.ActiveCfg = Debug|Any CPU
		{65CC62CA-F5FE-4C5A-9096-A995F4953006}.Debug|Any CPU.Build.0 = Debug|Any CPU
		{65CC62CA-F5FE-4C5A-9096-A995F4953006}.Release|Any CPU.ActiveCfg = Release|Any CPU
		{65CC62CA-F5FE-4C5A-9096-A995F4953006}.Release|Any CPU.Build.0 = Release|Any CPU
		{D3E3669D-2C96-41BE-B7FC-CB1CBF42A7B8}.Debug|Any CPU.ActiveCfg = Debug|Any CPU
		{D3E3669D-2C96-41BE-B7FC-CB1CBF42A7B8}.Debug|Any CPU.Build.0 = Debug|Any CPU
		{D3E3669D-2C96-41BE-B7FC-CB1CBF42A7B8}.Release|Any CPU.ActiveCfg = Release|Any CPU
		{D3E3669D-2C96-41BE-B7FC-CB1CBF42A7B8}.Release|Any CPU.Build.0 = Release|Any CPU
	EndGlobalSection
	GlobalSection(SolutionProperties) = preSolution
		HideSolutionNode = FALSE
	EndGlobalSection
	GlobalSection(ExtensibilityGlobals) = postSolution
		SolutionGuid = {3A766684-C6B5-41AB-A1F1-1E8C61736DF8}
	EndGlobalSection
EndGlobal
