
Microsoft Visual Studio Solution File, Format Version 12.00
# Visual Studio Version 16
VisualStudioVersion = 16.0.30611.23
MinimumVisualStudioVersion = 10.0.40219.1
Project("{FAE04EC0-301F-11D3-BF4B-00C04F79EFBC}") = "Scheduler", "Scheduler\Scheduler.csproj", "{A6756389-B4DD-4C9E-94DF-BA631BB49DDF}"
EndProject
Global
	GlobalSection(SolutionConfigurationPlatforms) = preSolution
		Debug|Any CPU = Debug|Any CPU
		Release|Any CPU = Release|Any CPU
	EndGlobalSection
	GlobalSection(ProjectConfigurationPlatforms) = postSolution
		{A6756389-B4DD-4C9E-94DF-BA631BB49DDF}.Debug|Any CPU.ActiveCfg = Debug|Any CPU
		{A6756389-B4DD-4C9E-94DF-BA631BB49DDF}.Debug|Any CPU.Build.0 = Debug|Any CPU
		{A6756389-B4DD-4C9E-94DF-BA631BB49DDF}.Release|Any CPU.ActiveCfg = Release|Any CPU
		{A6756389-B4DD-4C9E-94DF-BA631BB49DDF}.Release|Any CPU.Build.0 = Release|Any CPU
	EndGlobalSection
	GlobalSection(SolutionProperties) = preSolution
		HideSolutionNode = FALSE
	EndGlobalSection
	GlobalSection(ExtensibilityGlobals) = postSolution
		SolutionGuid = {3A766684-C6B5-41AB-A1F1-1E8C61736DF8}
	EndGlobalSection
EndGlobal
